
Microsoft Visual Studio Solution File, Format Version 12.00
# Visual Studio Version 17
VisualStudioVersion = 17.14.36429.23
MinimumVisualStudioVersion = 10.0.40219.1
Project("{FAE04EC0-301F-11D3-BF4B-00C04F79EFBC}") = "Meedio", "src\Meedio\Meedio.csproj", "{6BB2D238-B2A3-4632-99DD-C74E96108BC7}"
EndProject
Project("{2150E333-8FDC-42A3-9474-1A3956D46DE8}") = "Solution Items", "Solution Items", "{8EC462FD-D22E-90A8-E5CE-7E832BA40C5D}"
	ProjectSection(SolutionItems) = preProject
		.editorconfig = .editorconfig
	EndProjectSection
EndProject
Project("{2150E333-8FDC-42A3-9474-1A3956D46DE8}") = "src", "src", "{02EA681E-C7D8-13C7-8484-4AC65E1B71E8}"
EndProject
Project("{2150E333-8FDC-42A3-9474-1A3956D46DE8}") = "test", "test", "{A546B4E3-CD95-4854-860E-880896863A8C}"
EndProject
Project("{FAE04EC0-301F-11D3-BF4B-00C04F79EFBC}") = "Meedio.UnitTests", "test\Meedio.UnitTests\Meedio.UnitTests.csproj", "{8701294C-5B0A-4271-A90D-DB1044BDC888}"
EndProject
Global
	GlobalSection(SolutionConfigurationPlatforms) = preSolution
		Debug|Any CPU = Debug|Any CPU
		Release|Any CPU = Release|Any CPU
	EndGlobalSection
	GlobalSection(ProjectConfigurationPlatforms) = postSolution
		{6BB2D238-B2A3-4632-99DD-C74E96108BC7}.Debug|Any CPU.ActiveCfg = Debug|Any CPU
		{6BB2D238-B2A3-4632-99DD-C74E96108BC7}.Debug|Any CPU.Build.0 = Debug|Any CPU
		{6BB2D238-B2A3-4632-99DD-C74E96108BC7}.Release|Any CPU.ActiveCfg = Release|Any CPU
		{6BB2D238-B2A3-4632-99DD-C74E96108BC7}.Release|Any CPU.Build.0 = Release|Any CPU
		{8701294C-5B0A-4271-A90D-DB1044BDC888}.Debug|Any CPU.ActiveCfg = Debug|Any CPU
		{8701294C-5B0A-4271-A90D-DB1044BDC888}.Debug|Any CPU.Build.0 = Debug|Any CPU
		{8701294C-5B0A-4271-A90D-DB1044BDC888}.Release|Any CPU.ActiveCfg = Release|Any CPU
		{8701294C-5B0A-4271-A90D-DB1044BDC888}.Release|Any CPU.Build.0 = Release|Any CPU
	EndGlobalSection
	GlobalSection(SolutionProperties) = preSolution
		HideSolutionNode = FALSE
	EndGlobalSection
	GlobalSection(NestedProjects) = preSolution
		{6BB2D238-B2A3-4632-99DD-C74E96108BC7} = {02EA681E-C7D8-13C7-8484-4AC65E1B71E8}
		{8701294C-5B0A-4271-A90D-DB1044BDC888} = {A546B4E3-CD95-4854-860E-880896863A8C}
	EndGlobalSection
	GlobalSection(ExtensibilityGlobals) = postSolution
		SolutionGuid = {EFD24458-2FDC-4466-A408-E4BEE866B105}
	EndGlobalSection
EndGlobal
